
Microsoft Visual Studio Solution File, Format Version 12.00
# Visual Studio Version 16
VisualStudioVersion = 16.0.31727.386
MinimumVisualStudioVersion = 10.0.40219.1
Project("{FAE04EC0-301F-11D3-BF4B-00C04F79EFBC}") = "makezza_profile", "makezza_profile\makezza_profile.csproj", "{BCCFF1AB-0192-4165-A2F8-CA090182025B}"
EndProject
Project("{FAE04EC0-301F-11D3-BF4B-00C04F79EFBC}") = "makeza_mvc", "makeza_mvc\makeza_mvc.csproj", "{E847DDFA-7183-4E2B-8AFB-A09CCE6626D4}"
EndProject
Global
	GlobalSection(SolutionConfigurationPlatforms) = preSolution
		Debug|Any CPU = Debug|Any CPU
		Release|Any CPU = Release|Any CPU
	EndGlobalSection
	GlobalSection(ProjectConfigurationPlatforms) = postSolution
		{BCCFF1AB-0192-4165-A2F8-CA090182025B}.Debug|Any CPU.ActiveCfg = Debug|Any CPU
		{BCCFF1AB-0192-4165-A2F8-CA090182025B}.Debug|Any CPU.Build.0 = Debug|Any CPU
		{BCCFF1AB-0192-4165-A2F8-CA090182025B}.Release|Any CPU.ActiveCfg = Release|Any CPU
		{BCCFF1AB-0192-4165-A2F8-CA090182025B}.Release|Any CPU.Build.0 = Release|Any CPU
		{E847DDFA-7183-4E2B-8AFB-A09CCE6626D4}.Debug|Any CPU.ActiveCfg = Debug|Any CPU
		{E847DDFA-7183-4E2B-8AFB-A09CCE6626D4}.Debug|Any CPU.Build.0 = Debug|Any CPU
		{E847DDFA-7183-4E2B-8AFB-A09CCE6626D4}.Release|Any CPU.ActiveCfg = Release|Any CPU
		{E847DDFA-7183-4E2B-8AFB-A09CCE6626D4}.Release|Any CPU.Build.0 = Release|Any CPU
	EndGlobalSection
	GlobalSection(SolutionProperties) = preSolution
		HideSolutionNode = FALSE
	EndGlobalSection
	GlobalSection(ExtensibilityGlobals) = postSolution
		SolutionGuid = {52ECBEB5-3D7E-4C4A-85ED-FAC9074BC235}
	EndGlobalSection
EndGlobal
